Microsoft Visual Studio Solution File, Format Version 12.00
# Visual Studio Version 17
VisualStudioVersion = 17.5.2.0
MinimumVisualStudioVersion = 10.0.40219.1
Project("{FAE04EC0-301F-11D3-BF4B-00C04F79EFBC}") = "game1", "game1.csproj", "{BCD1968B-C614-9C95-6F68-9CFC35534027}"
EndProject
Global
	GlobalSection(SolutionConfigurationPlatforms) = preSolution
		Debug|Any CPU = Debug|Any CPU
		Release|Any CPU = Release|Any CPU
	EndGlobalSection
	GlobalSection(ProjectConfigurationPlatforms) = postSolution
		{BCD1968B-C614-9C95-6F68-9CFC35534027}.Debug|Any CPU.ActiveCfg = Debug|Any CPU
		{BCD1968B-C614-9C95-6F68-9CFC35534027}.Debug|Any CPU.Build.0 = Debug|Any CPU
		{BCD1968B-C614-9C95-6F68-9CFC35534027}.Release|Any CPU.ActiveCfg = Release|Any CPU
		{BCD1968B-C614-9C95-6F68-9CFC35534027}.Release|Any CPU.Build.0 = Release|Any CPU
	EndGlobalSection
	GlobalSection(SolutionProperties) = preSolution
		HideSolutionNode = FALSE
	EndGlobalSection
	GlobalSection(ExtensibilityGlobals) = postSolution
		SolutionGuid = {7865BF6D-AABA-4272-B1E6-E3C043DB2B65}
	EndGlobalSection
EndGlobal
